
Microsoft Visual Studio Solution File, Format Version 12.00
# Visual Studio Version 17
VisualStudioVersion = 17.4.33213.308
MinimumVisualStudioVersion = 10.0.40219.1
Project("{FAE04EC0-301F-11D3-BF4B-00C04F79EFBC}") = "CPPFormApp", "CPPFormApp\CPPFormApp.csproj", "{2C975CA7-B22C-4EBF-84BA-24F9BB5CB7B9}"
EndProject
Global
	GlobalSection(SolutionConfigurationPlatforms) = preSolution
		Debug|Any CPU = Debug|Any CPU
		Release|Any CPU = Release|Any CPU
	EndGlobalSection
	GlobalSection(ProjectConfigurationPlatforms) = postSolution
		{2C975CA7-B22C-4EBF-84BA-24F9BB5CB7B9}.Debug|Any CPU.ActiveCfg = Debug|Any CPU
		{2C975CA7-B22C-4EBF-84BA-24F9BB5CB7B9}.Debug|Any CPU.Build.0 = Debug|Any CPU
		{2C975CA7-B22C-4EBF-84BA-24F9BB5CB7B9}.Release|Any CPU.ActiveCfg = Release|Any CPU
		{2C975CA7-B22C-4EBF-84BA-24F9BB5CB7B9}.Release|Any CPU.Build.0 = Release|Any CPU
	EndGlobalSection
	GlobalSection(SolutionProperties) = preSolution
		HideSolutionNode = FALSE
	EndGlobalSection
	GlobalSection(ExtensibilityGlobals) = postSolution
		SolutionGuid = {332669D2-F1D5-453F-8479-E8E74A9EC934}
	EndGlobalSection
EndGlobal
